// !$*UTF8*$!
{
	archiveVersion = 1;
	classes = {
	};
	objectVersion = 48;
	objects = {

/* Begin PBXBuildFile section */
		22207F1B2057553100D447F2 /* AppDelegate.swift in Sources */ = {isa = PBXBuildFile; fileRef = 22207F1A2057553100D447F2 /* AppDelegate.swift */; };
		22207F1D2057553100D447F2 /* vc_launchscreen.swift in Sources */ = {isa = PBXBuildFile; fileRef = 22207F1C2057553100D447F2 /* vc_launchscreen.swift */; };
		22207F202057553100D447F2 /* story_main.storyboard in Resources */ = {isa = PBXBuildFile; fileRef = 22207F1E2057553100D447F2 /* story_main.storyboard */; };
		22207F222057553100D447F2 /* Assets.xcassets in Resources */ = {isa = PBXBuildFile; fileRef = 22207F212057553100D447F2 /* Assets.xcassets */; };
		2229565820AA0C7800182CE9 /* DBManager.swift in Sources */ = {isa = PBXBuildFile; fileRef = 2229565720AA0C7800182CE9 /* DBManager.swift */; };
		2229565C20AA185D00182CE9 /* vc_select_player.swift in Sources */ = {isa = PBXBuildFile; fileRef = 2229565B20AA185D00182CE9 /* vc_select_player.swift */; };
		2229565E20AA260800182CE9 /* DDBTableRow.swift in Sources */ = {isa = PBXBuildFile; fileRef = 2229565D20AA260800182CE9 /* DDBTableRow.swift */; };
		224CF92320A61C410070F7A7 /* vc_wifi_warn.swift in Sources */ = {isa = PBXBuildFile; fileRef = 224CF92220A61C410070F7A7 /* vc_wifi_warn.swift */; };
		2265BB3B208FD1D20096CCAE /* story_pageview.storyboard in Resources */ = {isa = PBXBuildFile; fileRef = 2265BB3A208FD1D20096CCAE /* story_pageview.storyboard */; };
		228C1E50205AE46500DD9F63 /* StateUserInfo.swift in Sources */ = {isa = PBXBuildFile; fileRef = 228C1E4F205AE46500DD9F63 /* StateUserInfo.swift */; };
		22908D0C2097EF11007CDA7F /* vc_login.swift in Sources */ = {isa = PBXBuildFile; fileRef = 22908D0B2097EF11007CDA7F /* vc_login.swift */; };
		22908D69209CF85C007CDA7F /* LogoSecondary.png in Resources */ = {isa = PBXBuildFile; fileRef = 22908D12209CF85A007CDA7F /* LogoSecondary.png */; };
		22908D6A209CF85C007CDA7F /* LogoInstructions.png in Resources */ = {isa = PBXBuildFile; fileRef = 22908D13209CF85A007CDA7F /* LogoInstructions.png */; };
		22908D6B209CF85C007CDA7F /* LogoTitle.png in Resources */ = {isa = PBXBuildFile; fileRef = 22908D14209CF85A007CDA7F /* LogoTitle.png */; };
		22908D6C209CF85C007CDA7F /* d3_baseball.png in Resources */ = {isa = PBXBuildFile; fileRef = 22908D16209CF85C007CDA7F /* d3_baseball.png */; };
		22908D6D209CF85C007CDA7F /* f_angry2.png in Resources */ = {isa = PBXBuildFile; fileRef = 22908D17209CF85C007CDA7F /* f_angry2.png */; };
		22908D6E209CF85C007CDA7F /* d4_football.png in Resources */ = {isa = PBXBuildFile; fileRef = 22908D18209CF85C007CDA7F /* d4_football.png */; };
		22908D6F209CF85C007CDA7F /* f_surprised.png in Resources */ = {isa = PBXBuildFile; fileRef = 22908D19209CF85C007CDA7F /* f_surprised.png */; };
		22908D70209CF85C007CDA7F /* b6_tired.png in Resources */ = {isa = PBXBuildFile; fileRef = 22908D1A209CF85C007CDA7F /* b6_tired.png */; };
		22908D71209CF85C007CDA7F /* f_angry3.png in Resources */ = {isa = PBXBuildFile; fileRef = 22908D1B209CF85C007CDA7F /* f_angry3.png */; };
		22908D72209CF85C007CDA7F /* f_neutral2.png in Resources */ = {isa = PBXBuildFile; fileRef = 22908D1C209CF85C007CDA7F /* f_neutral2.png */; };
		22908D73209CF85C007CDA7F /* e1_scientist.png in Resources */ = {isa = PBXBuildFile; fileRef = 22908D1D209CF85C007CDA7F /* e1_scientist.png */; };
		22908D74209CF85C007CDA7F /* d11_running.png in Resources */ = {isa = PBXBuildFile; fileRef = 22908D1E209CF85C007CDA7F /* d11_running.png */; };
		22908D75209CF85C007CDA7F /* f_disgust.png in Resources */ = {isa = PBXBuildFile; fileRef = 22908D1F209CF85C007CDA7F /* f_disgust.png */; };
		22908D76209CF85C007CDA7F /* b8_sad.png in Resources */ = {isa = PBXBuildFile; fileRef = 22908D20209CF85C007CDA7F /* b8_sad.png */; };
		22908D77209CF85C007CDA7F /* d6_wrestling.png in Resources */ = {isa = PBXBuildFile; fileRef = 22908D21209CF85C007CDA7F /* d6_wrestling.png */; };
		22908D78209CF85C007CDA7F /* f_sad2.png in Resources */ = {isa = PBXBuildFile; fileRef = 22908D22209CF85C007CDA7F /* f_sad2.png */; };
		22908D79209CF85C007CDA7F /* c15_monkey.png in Resources */ = {isa = PBXBuildFile; fileRef = 22908D23209CF85C007CDA7F /* c15_monkey.png */; };
		22908D7A209CF85C007CDA7F /* c4_pig.png in Resources */ = {isa = PBXBuildFile; fileRef = 22908D24209CF85C007CDA7F /* c4_pig.png */; };
		22908D7B209CF85C007CDA7F /* e9_dentist.png in Resources */ = {isa = PBXBuildFile; fileRef = 22908D25209CF85C007CDA7F /* e9_dentist.png */; };
		22908D7C209CF85C007CDA7F /* c1_dog.png in Resources */ = {isa = PBXBuildFile; fileRef = 22908D26209CF85C007CDA7F /* c1_dog.png */; };
		22908D7D209CF85C007CDA7F /* e10_pilot.png in Resources */ = {isa = PBXBuildFile; fileRef = 22908D27209CF85C007CDA7F /* e10_pilot.png */; };
		22908D7E209CF85C007CDA7F /* c6_cat.png in Resources */ = {isa = PBXBuildFile; fileRef = 22908D28209CF85C007CDA7F /* c6_cat.png */; };
		22908D7F209CF85C007CDA7F /* a13_worried.png in Resources */ = {isa = PBXBuildFile; fileRef = 22908D29209CF85C007CDA7F /* a13_worried.png */; };
		22908D80209CF85C007CDA7F /* d10_skateboard.png in Resources */ = {isa = PBXBuildFile; fileRef = 22908D2A209CF85C007CDA7F /* d10_skateboard.png */; };
		22908D81209CF85C007CDA7F /* e6_chef.png in Resources */ = {isa = PBXBuildFile; fileRef = 22908D2B209CF85C007CDA7F /* e6_chef.png */; };
		22908D82209CF85C007CDA7F /* d7_tennis.png in Resources */ = {isa = PBXBuildFile; fileRef = 22908D2C209CF85C007CDA7F /* d7_tennis.png */; };
		22908D83209CF85C007CDA7F /* e3_doctor.png in Resources */ = {isa = PBXBuildFile; fileRef = 22908D2D209CF85C007CDA7F /* e3_doctor.png */; };
		22908D84209CF85C007CDA7F /* b5_scared.png in Resources */ = {isa = PBXBuildFile; fileRef = 22908D2E209CF85C007CDA7F /* b5_scared.png */; };
		22908D85209CF85C007CDA7F /* a11_annoyed.png in Resources */ = {isa = PBXBuildFile; fileRef = 22908D2F209CF85C007CDA7F /* a11_annoyed.png */; };
		22908D86209CF85C007CDA7F /* c5_goat.png in Resources */ = {isa = PBXBuildFile; fileRef = 22908D30209CF85C007CDA7F /* c5_goat.png */; };
		22908D87209CF85C007CDA7F /* d2_soccer.png in Resources */ = {isa = PBXBuildFile; fileRef = 22908D31209CF85C007CDA7F /* d2_soccer.png */; };
		22908D88209CF85C007CDA7F /* a4_think.png in Resources */ = {isa = PBXBuildFile; fileRef = 22908D32209CF85C007CDA7F /* a4_think.png */; };
		22908D89209CF85C007CDA7F /* f_scared.png in Resources */ = {isa = PBXBuildFile; fileRef = 22908D33209CF85C007CDA7F /* f_scared.png */; };
		22908D8A209CF85C007CDA7F /* b2_upset.png in Resources */ = {isa = PBXBuildFile; fileRef = 22908D34209CF85C007CDA7F /* b2_upset.png */; };
		22908D8B209CF85C007CDA7F /* d15_archer.png in Resources */ = {isa = PBXBuildFile; fileRef = 22908D35209CF85C007CDA7F /* d15_archer.png */; };
		22908D8C209CF85C007CDA7F /* b7_surprised.png in Resources */ = {isa = PBXBuildFile; fileRef = 22908D36209CF85C007CDA7F /* b7_surprised.png */; };
		22908D8D209CF85C007CDA7F /* a7_sick.png in Resources */ = {isa = PBXBuildFile; fileRef = 22908D37209CF85C007CDA7F /* a7_sick.png */; };
		22908D8E209CF85C007CDA7F /* e8_artist.png in Resources */ = {isa = PBXBuildFile; fileRef = 22908D38209CF85C007CDA7F /* e8_artist.png */; };
		22908D8F209CF85C007CDA7F /* a8_surprise.png in Resources */ = {isa = PBXBuildFile; fileRef = 22908D39209CF85C007CDA7F /* a8_surprise.png */; };
		22908D90209CF85C007CDA7F /* f_disgust3.png in Resources */ = {isa = PBXBuildFile; fileRef = 22908D3A209CF85C007CDA7F /* f_disgust3.png */; };
		22908D91209CF85C007CDA7F /* c11_lion.png in Resources */ = {isa = PBXBuildFile; fileRef = 22908D3B209CF85C007CDA7F /* c11_lion.png */; };
		22908D92209CF85C007CDA7F /* c8_chicken.png in Resources */ = {isa = PBXBuildFile; fileRef = 22908D3C209CF85C007CDA7F /* c8_chicken.png */; };
		22908D93209CF85C007CDA7F /* d9_skiing.png in Resources */ = {isa = PBXBuildFile; fileRef = 22908D3D209CF85C007CDA7F /* d9_skiing.png */; };
		22908D94209CF85C007CDA7F /* e11_actor.png in Resources */ = {isa = PBXBuildFile; fileRef = 22908D3E209CF85C007CDA7F /* e11_actor.png */; };
		22908D95209CF85C007CDA7F /* d8_biking.png in Resources */ = {isa = PBXBuildFile; fileRef = 22908D3F209CF85C007CDA7F /* d8_biking.png */; };
		22908D96209CF85C007CDA7F /* f_disgust2.png in Resources */ = {isa = PBXBuildFile; fileRef = 22908D40209CF85C007CDA7F /* f_disgust2.png */; };
		22908D97209CF85C007CDA7F /* a9_cry.png in Resources */ = {isa = PBXBuildFile; fileRef = 22908D41209CF85C007CDA7F /* a9_cry.png */; };
		22908D98209CF85C007CDA7F /* f_neutral.png in Resources */ = {isa = PBXBuildFile; fileRef = 22908D42209CF85C007CDA7F /* f_neutral.png */; };
		22908D99209CF85C007CDA7F /* e4_police.png in Resources */ = {isa = PBXBuildFile; fileRef = 22908D43209CF85C007CDA7F /* e4_police.png */; };
		22908D9A209CF85C007CDA7F /* b9_bored.png in Resources */ = {isa = PBXBuildFile; fileRef = 22908D44209CF85C007CDA7F /* b9_bored.png */; };
		22908D9B209CF85C007CDA7F /* e5_astronaut.png in Resources */ = {isa = PBXBuildFile; fileRef = 22908D45209CF85C007CDA7F /* e5_astronaut.png */; };
		22908D9C209CF85C007CDA7F /* d1_basketball.png in Resources */ = {isa = PBXBuildFile; fileRef = 22908D46209CF85C007CDA7F /* d1_basketball.png */; };
		22908D9D209CF85C007CDA7F /* f_happy2.png in Resources */ = {isa = PBXBuildFile; fileRef = 22908D47209CF85C007CDA7F /* f_happy2.png */; };
		22908D9E209CF85C007CDA7F /* c13_frog.png in Resources */ = {isa = PBXBuildFile; fileRef = 22908D48209CF85C007CDA7F /* c13_frog.png */; };
		22908D9F209CF85C007CDA7F /* d12_weights.png in Resources */ = {isa = PBXBuildFile; fileRef = 22908D49209CF85C007CDA7F /* d12_weights.png */; };
		22908DA0209CF85C007CDA7F /* f_disgust4.png in Resources */ = {isa = PBXBuildFile; fileRef = 22908D4A209CF85C007CDA7F /* f_disgust4.png */; };
		22908DA1209CF85C007CDA7F /* c14_bee.png in Resources */ = {isa = PBXBuildFile; fileRef = 22908D4B209CF85C007CDA7F /* c14_bee.png */; };
		22908DA2209CF85C007CDA7F /* f_sad.png in Resources */ = {isa = PBXBuildFile; fileRef = 22908D4C209CF85C007CDA7F /* f_sad.png */; };
		22908DA3209CF85C007CDA7F /* f_happy3.png in Resources */ = {isa = PBXBuildFile; fileRef = 22908D4D209CF85C007CDA7F /* f_happy3.png */; };
		22908DA4209CF85C007CDA7F /* e7_teacher.png in Resources */ = {isa = PBXBuildFile; fileRef = 22908D4E209CF85C007CDA7F /* e7_teacher.png */; };
		22908DA5209CF85C007CDA7F /* d14_ping.png in Resources */ = {isa = PBXBuildFile; fileRef = 22908D4F209CF85C007CDA7F /* d14_ping.png */; };
		22908DA6209CF85C007CDA7F /* d13_volleyball.png in Resources */ = {isa = PBXBuildFile; fileRef = 22908D50209CF85C007CDA7F /* d13_volleyball.png */; };
		22908DA7209CF85C007CDA7F /* a10_sleepy.png in Resources */ = {isa = PBXBuildFile; fileRef = 22908D51209CF85C007CDA7F /* a10_sleepy.png */; };
		22908DA8209CF85C007CDA7F /* a12_sad.png in Resources */ = {isa = PBXBuildFile; fileRef = 22908D52209CF85C007CDA7F /* a12_sad.png */; };
		22908DA9209CF85C007CDA7F /* a1_smile.png in Resources */ = {isa = PBXBuildFile; fileRef = 22908D53209CF85C007CDA7F /* a1_smile.png */; };
		22908DAA209CF85C007CDA7F /* c7_cow.png in Resources */ = {isa = PBXBuildFile; fileRef = 22908D54209CF85C007CDA7F /* c7_cow.png */; };
		22908DAB209CF85C007CDA7F /* a5_love.png in Resources */ = {isa = PBXBuildFile; fileRef = 22908D55209CF85C007CDA7F /* a5_love.png */; };
		22908DAC209CF85C007CDA7F /* a6_angry.png in Resources */ = {isa = PBXBuildFile; fileRef = 22908D56209CF85C007CDA7F /* a6_angry.png */; };
		22908DAD209CF85C007CDA7F /* a13_confused.png in Resources */ = {isa = PBXBuildFile; fileRef = 22908D57209CF85C007CDA7F /* a13_confused.png */; };
		22908DAE209CF85C007CDA7F /* b3_angry.png in Resources */ = {isa = PBXBuildFile; fileRef = 22908D58209CF85C007CDA7F /* b3_angry.png */; };
		22908DAF209CF85C007CDA7F /* c9_sheep.png in Resources */ = {isa = PBXBuildFile; fileRef = 22908D59209CF85C007CDA7F /* c9_sheep.png */; };
		22908DB0209CF85C007CDA7F /* b1_happy.png in Resources */ = {isa = PBXBuildFile; fileRef = 22908D5A209CF85C007CDA7F /* b1_happy.png */; };
		22908DB1209CF85C007CDA7F /* e12_musician.png in Resources */ = {isa = PBXBuildFile; fileRef = 22908D5B209CF85C007CDA7F /* e12_musician.png */; };
		22908DB2209CF85C007CDA7F /* a2_grin.png in Resources */ = {isa = PBXBuildFile; fileRef = 22908D5C209CF85C007CDA7F /* a2_grin.png */; };
		22908DB3209CF85C007CDA7F /* c12_elephant.png in Resources */ = {isa = PBXBuildFile; fileRef = 22908D5D209CF85C007CDA7F /* c12_elephant.png */; };
		22908DB4209CF85C007CDA7F /* f_angry.png in Resources */ = {isa = PBXBuildFile; fileRef = 22908D5E209CF85C007CDA7F /* f_angry.png */; };
		22908DB5209CF85C007CDA7F /* f_surprised3.png in Resources */ = {isa = PBXBuildFile; fileRef = 22908D5F209CF85C007CDA7F /* f_surprised3.png */; };
		22908DB6209CF85C007CDA7F /* f_surprised2.png in Resources */ = {isa = PBXBuildFile; fileRef = 22908D60209CF85C007CDA7F /* f_surprised2.png */; };
		22908DB7209CF85C007CDA7F /* d5_hockey.png in Resources */ = {isa = PBXBuildFile; fileRef = 22908D61209CF85C007CDA7F /* d5_hockey.png */; };
		22908DB8209CF85C007CDA7F /* c3_horse.png in Resources */ = {isa = PBXBuildFile; fileRef = 22908D62209CF85C007CDA7F /* c3_horse.png */; };
		22908DB9209CF85C007CDA7F /* f_scared2.png in Resources */ = {isa = PBXBuildFile; fileRef = 22908D63209CF85C007CDA7F /* f_scared2.png */; };
		22908DBA209CF85C007CDA7F /* a3_hug.png in Resources */ = {isa = PBXBuildFile; fileRef = 22908D64209CF85C007CDA7F /* a3_hug.png */; };
		22908DBB209CF85C007CDA7F /* c2_duck.png in Resources */ = {isa = PBXBuildFile; fileRef = 22908D65209CF85C007CDA7F /* c2_duck.png */; };
		22908DBC209CF85C007CDA7F /* c10_pig.png in Resources */ = {isa = PBXBuildFile; fileRef = 22908D66209CF85C007CDA7F /* c10_pig.png */; };
		22908DBD209CF85C007CDA7F /* b4_sad.png in Resources */ = {isa = PBXBuildFile; fileRef = 22908D67209CF85C007CDA7F /* b4_sad.png */; };
		22908DBE209CF85C007CDA7F /* e2_firefighter.png in Resources */ = {isa = PBXBuildFile; fileRef = 22908D68209CF85C007CDA7F /* e2_firefighter.png */; };
		22908DC0209D1F5B007CDA7F /* vc_select_deck.swift in Sources */ = {isa = PBXBuildFile; fileRef = 22908DBF209D1F5B007CDA7F /* vc_select_deck.swift */; };
		22908DC3209D2216007CDA7F /* SelectDeckCellCollectionViewCell.swift in Sources */ = {isa = PBXBuildFile; fileRef = 22908DC2209D2216007CDA7F /* SelectDeckCellCollectionViewCell.swift */; };
		22908DC520A0C875007CDA7F /* story_survey.storyboard in Resources */ = {isa = PBXBuildFile; fileRef = 22908DC420A0C875007CDA7F /* story_survey.storyboard */; };
		22908DC720A0D703007CDA7F /* vc_create_account.swift in Sources */ = {isa = PBXBuildFile; fileRef = 22908DC620A0D703007CDA7F /* vc_create_account.swift */; };
		22908DC920A0D8B5007CDA7F /* vc_consent_1.swift in Sources */ = {isa = PBXBuildFile; fileRef = 22908DC820A0D8B5007CDA7F /* vc_consent_1.swift */; };
		22908DCB20A0D8C2007CDA7F /* vc_consent_2.swift in Sources */ = {isa = PBXBuildFile; fileRef = 22908DCA20A0D8C2007CDA7F /* vc_consent_2.swift */; };
		22908DCD20A0D8D1007CDA7F /* vc_consent_3.swift in Sources */ = {isa = PBXBuildFile; fileRef = 22908DCC20A0D8D1007CDA7F /* vc_consent_3.swift */; };
		22B810B320A23BA50052CCB9 /* vc_survey1.swift in Sources */ = {isa = PBXBuildFile; fileRef = 22B810B220A23BA50052CCB9 /* vc_survey1.swift */; };
		22B810B520A381C10052CCB9 /* vc_survey2.swift in Sources */ = {isa = PBXBuildFile; fileRef = 22B810B420A381C10052CCB9 /* vc_survey2.swift */; };
		22B810B720A39AA80052CCB9 /* vc_survey3.swift in Sources */ = {isa = PBXBuildFile; fileRef = 22B810B620A39AA80052CCB9 /* vc_survey3.swift */; };
		22B810B920A39AB30052CCB9 /* vc_survey4.swift in Sources */ = {isa = PBXBuildFile; fileRef = 22B810B820A39AB30052CCB9 /* vc_survey4.swift */; };
		22B810BB20A39AD10052CCB9 /* vc_survey5.swift in Sources */ = {isa = PBXBuildFile; fileRef = 22B810BA20A39AD10052CCB9 /* vc_survey5.swift */; };
		22B810BD20A39B140052CCB9 /* vc_survey6.swift in Sources */ = {isa = PBXBuildFile; fileRef = 22B810BC20A39B140052CCB9 /* vc_survey6.swift */; };
		22B810BF20A4B4E20052CCB9 /* AddPlayer.png in Resources */ = {isa = PBXBuildFile; fileRef = 22B810BE20A4B4E20052CCB9 /* AddPlayer.png */; };
		22B810C120A4BF270052CCB9 /* ImageClock.png in Resources */ = {isa = PBXBuildFile; fileRef = 22B810C020A4BF270052CCB9 /* ImageClock.png */; };
		22FE7DC120913C4300883AE9 /* vc_countdown.swift in Sources */ = {isa = PBXBuildFile; fileRef = 22FE7DC020913C4300883AE9 /* vc_countdown.swift */; };
		7D41C41477A8F109ECE0673F /* Pods_iOS.framework in Frameworks */ = {isa = PBXBuildFile; fileRef = 9F22C9EA96EC1CB311D235B1 /* Pods_iOS.framework */; };
/* End PBXBuildFile section */

/* Begin PBXFileReference section */
		22207F172057553100D447F2 /* iOS.app */ = {isa = PBXFileReference; explicitFileType = wrapper.application; includeInIndex = 0; path = iOS.app; sourceTree = BUILT_PRODUCTS_DIR; };
		22207F1A2057553100D447F2 /* AppDelegate.swift */ = {isa = PBXFileReference; lastKnownFileType = sourcecode.swift; path = AppDelegate.swift; sourceTree = "<group>"; };
		22207F1C2057553100D447F2 /* vc_launchscreen.swift */ = {isa = PBXFileReference; lastKnownFileType = sourcecode.swift; path = vc_launchscreen.swift; sourceTree = "<group>"; };
		22207F1F2057553100D447F2 /* Base */ = {isa = PBXFileReference; lastKnownFileType = file.storyboard; name = Base; path = Base.lproj/story_main.storyboard; sourceTree = "<group>"; };
		22207F212057553100D447F2 /* Assets.xcassets */ = {isa = PBXFileReference; lastKnownFileType = folder.assetcatalog; path = Assets.xcassets; sourceTree = "<group>"; };
		22207F262057553200D447F2 /* Info.plist */ = {isa = PBXFileReference; lastKnownFileType = text.plist.xml; path = Info.plist; sourceTree = "<group>"; };
		2229565720AA0C7800182CE9 /* DBManager.swift */ = {isa = PBXFileReference; lastKnownFileType = sourcecode.swift; path = DBManager.swift; sourceTree = "<group>"; };
		2229565B20AA185D00182CE9 /* vc_select_player.swift */ = {isa = PBXFileReference; lastKnownFileType = sourcecode.swift; path = vc_select_player.swift; sourceTree = "<group>"; };
		2229565D20AA260800182CE9 /* DDBTableRow.swift */ = {isa = PBXFileReference; lastKnownFileType = sourcecode.swift; path = DDBTableRow.swift; sourceTree = "<group>"; };
		224CF92220A61C410070F7A7 /* vc_wifi_warn.swift */ = {isa = PBXFileReference; lastKnownFileType = sourcecode.swift; path = vc_wifi_warn.swift; sourceTree = "<group>"; };
		2265BB3A208FD1D20096CCAE /* story_pageview.storyboard */ = {isa = PBXFileReference; lastKnownFileType = file.storyboard; path = story_pageview.storyboard; sourceTree = "<group>"; };
		228C1E4F205AE46500DD9F63 /* StateUserInfo.swift */ = {isa = PBXFileReference; lastKnownFileType = sourcecode.swift; path = StateUserInfo.swift; sourceTree = "<group>"; };
		22908D0B2097EF11007CDA7F /* vc_login.swift */ = {isa = PBXFileReference; lastKnownFileType = sourcecode.swift; path = vc_login.swift; sourceTree = "<group>"; };
		22908D12209CF85A007CDA7F /* LogoSecondary.png */ = {isa = PBXFileReference; lastKnownFileType = image.png; path = LogoSecondary.png; sourceTree = "<group>"; };
		22908D13209CF85A007CDA7F /* LogoInstructions.png */ = {isa = PBXFileReference; lastKnownFileType = image.png; path = LogoInstructions.png; sourceTree = "<group>"; };
		22908D14209CF85A007CDA7F /* LogoTitle.png */ = {isa = PBXFileReference; lastKnownFileType = image.png; path = LogoTitle.png; sourceTree = "<group>"; };
		22908D16209CF85C007CDA7F /* d3_baseball.png */ = {isa = PBXFileReference; lastKnownFileType = image.png; path = d3_baseball.png; sourceTree = "<group>"; };
		22908D17209CF85C007CDA7F /* f_angry2.png */ = {isa = PBXFileReference; lastKnownFileType = image.png; path = f_angry2.png; sourceTree = "<group>"; };
		22908D18209CF85C007CDA7F /* d4_football.png */ = {isa = PBXFileReference; lastKnownFileType = image.png; path = d4_football.png; sourceTree = "<group>"; };
		22908D19209CF85C007CDA7F /* f_surprised.png */ = {isa = PBXFileReference; lastKnownFileType = image.png; path = f_surprised.png; sourceTree = "<group>"; };
		22908D1A209CF85C007CDA7F /* b6_tired.png */ = {isa = PBXFileReference; lastKnownFileType = image.png; path = b6_tired.png; sourceTree = "<group>"; };
		22908D1B209CF85C007CDA7F /* f_angry3.png */ = {isa = PBXFileReference; lastKnownFileType = image.png; path = f_angry3.png; sourceTree = "<group>"; };
		22908D1C209CF85C007CDA7F /* f_neutral2.png */ = {isa = PBXFileReference; lastKnownFileType = image.png; path = f_neutral2.png; sourceTree = "<group>"; };
		22908D1D209CF85C007CDA7F /* e1_scientist.png */ = {isa = PBXFileReference; lastKnownFileType = image.png; path = e1_scientist.png; sourceTree = "<group>"; };
		22908D1E209CF85C007CDA7F /* d11_running.png */ = {isa = PBXFileReference; lastKnownFileType = image.png; path = d11_running.png; sourceTree = "<group>"; };
		22908D1F209CF85C007CDA7F /* f_disgust.png */ = {isa = PBXFileReference; lastKnownFileType = image.png; path = f_disgust.png; sourceTree = "<group>"; };
		22908D20209CF85C007CDA7F /* b8_sad.png */ = {isa = PBXFileReference; lastKnownFileType = image.png; path = b8_sad.png; sourceTree = "<group>"; };
		22908D21209CF85C007CDA7F /* d6_wrestling.png */ = {isa = PBXFileReference; lastKnownFileType = image.png; path = d6_wrestling.png; sourceTree = "<group>"; };
		22908D22209CF85C007CDA7F /* f_sad2.png */ = {isa = PBXFileReference; lastKnownFileType = image.png; path = f_sad2.png; sourceTree = "<group>"; };
		22908D23209CF85C007CDA7F /* c15_monkey.png */ = {isa = PBXFileReference; lastKnownFileType = image.png; path = c15_monkey.png; sourceTree = "<group>"; };
		22908D24209CF85C007CDA7F /* c4_pig.png */ = {isa = PBXFileReference; lastKnownFileType = image.png; path = c4_pig.png; sourceTree = "<group>"; };
		22908D25209CF85C007CDA7F /* e9_dentist.png */ = {isa = PBXFileReference; lastKnownFileType = image.png; path = e9_dentist.png; sourceTree = "<group>"; };
		22908D26209CF85C007CDA7F /* c1_dog.png */ = {isa = PBXFileReference; lastKnownFileType = image.png; path = c1_dog.png; sourceTree = "<group>"; };
		22908D27209CF85C007CDA7F /* e10_pilot.png */ = {isa = PBXFileReference; lastKnownFileType = image.png; path = e10_pilot.png; sourceTree = "<group>"; };
		22908D28209CF85C007CDA7F /* c6_cat.png */ = {isa = PBXFileReference; lastKnownFileType = image.png; path = c6_cat.png; sourceTree = "<group>"; };
		22908D29209CF85C007CDA7F /* a13_worried.png */ = {isa = PBXFileReference; lastKnownFileType = image.png; path = a13_worried.png; sourceTree = "<group>"; };
		22908D2A209CF85C007CDA7F /* d10_skateboard.png */ = {isa = PBXFileReference; lastKnownFileType = image.png; path = d10_skateboard.png; sourceTree = "<group>"; };
		22908D2B209CF85C007CDA7F /* e6_chef.png */ = {isa = PBXFileReference; lastKnownFileType = image.png; path = e6_chef.png; sourceTree = "<group>"; };
		22908D2C209CF85C007CDA7F /* d7_tennis.png */ = {isa = PBXFileReference; lastKnownFileType = image.png; path = d7_tennis.png; sourceTree = "<group>"; };
		22908D2D209CF85C007CDA7F /* e3_doctor.png */ = {isa = PBXFileReference; lastKnownFileType = image.png; path = e3_doctor.png; sourceTree = "<group>"; };
		22908D2E209CF85C007CDA7F /* b5_scared.png */ = {isa = PBXFileReference; lastKnownFileType = image.png; path = b5_scared.png; sourceTree = "<group>"; };
		22908D2F209CF85C007CDA7F /* a11_annoyed.png */ = {isa = PBXFileReference; lastKnownFileType = image.png; path = a11_annoyed.png; sourceTree = "<group>"; };
		22908D30209CF85C007CDA7F /* c5_goat.png */ = {isa = PBXFileReference; lastKnownFileType = image.png; path = c5_goat.png; sourceTree = "<group>"; };
		22908D31209CF85C007CDA7F /* d2_soccer.png */ = {isa = PBXFileReference; lastKnownFileType = image.png; path = d2_soccer.png; sourceTree = "<group>"; };
		22908D32209CF85C007CDA7F /* a4_think.png */ = {isa = PBXFileReference; lastKnownFileType = image.png; path = a4_think.png; sourceTree = "<group>"; };
		22908D33209CF85C007CDA7F /* f_scared.png */ = {isa = PBXFileReference; lastKnownFileType = image.png; path = f_scared.png; sourceTree = "<group>"; };
		22908D34209CF85C007CDA7F /* b2_upset.png */ = {isa = PBXFileReference; lastKnownFileType = image.png; path = b2_upset.png; sourceTree = "<group>"; };
		22908D35209CF85C007CDA7F /* d15_archer.png */ = {isa = PBXFileReference; lastKnownFileType = image.png; path = d15_archer.png; sourceTree = "<group>"; };
		22908D36209CF85C007CDA7F /* b7_surprised.png */ = {isa = PBXFileReference; lastKnownFileType = image.png; path = b7_surprised.png; sourceTree = "<group>"; };
		22908D37209CF85C007CDA7F /* a7_sick.png */ = {isa = PBXFileReference; lastKnownFileType = image.png; path = a7_sick.png; sourceTree = "<group>"; };
		22908D38209CF85C007CDA7F /* e8_artist.png */ = {isa = PBXFileReference; lastKnownFileType = image.png; path = e8_artist.png; sourceTree = "<group>"; };
		22908D39209CF85C007CDA7F /* a8_surprise.png */ = {isa = PBXFileReference; lastKnownFileType = image.png; path = a8_surprise.png; sourceTree = "<group>"; };
		22908D3A209CF85C007CDA7F /* f_disgust3.png */ = {isa = PBXFileReference; lastKnownFileType = image.png; path = f_disgust3.png; sourceTree = "<group>"; };
		22908D3B209CF85C007CDA7F /* c11_lion.png */ = {isa = PBXFileReference; lastKnownFileType = image.png; path = c11_lion.png; sourceTree = "<group>"; };
		22908D3C209CF85C007CDA7F /* c8_chicken.png */ = {isa = PBXFileReference; lastKnownFileType = image.png; path = c8_chicken.png; sourceTree = "<group>"; };
		22908D3D209CF85C007CDA7F /* d9_skiing.png */ = {isa = PBXFileReference; lastKnownFileType = image.png; path = d9_skiing.png; sourceTree = "<group>"; };
		22908D3E209CF85C007CDA7F /* e11_actor.png */ = {isa = PBXFileReference; lastKnownFileType = image.png; path = e11_actor.png; sourceTree = "<group>"; };
		22908D3F209CF85C007CDA7F /* d8_biking.png */ = {isa = PBXFileReference; lastKnownFileType = image.png; path = d8_biking.png; sourceTree = "<group>"; };
		22908D40209CF85C007CDA7F /* f_disgust2.png */ = {isa = PBXFileReference; lastKnownFileType = image.png; path = f_disgust2.png; sourceTree = "<group>"; };
		22908D41209CF85C007CDA7F /* a9_cry.png */ = {isa = PBXFileReference; lastKnownFileType = image.png; path = a9_cry.png; sourceTree = "<group>"; };
		22908D42209CF85C007CDA7F /* f_neutral.png */ = {isa = PBXFileReference; lastKnownFileType = image.png; path = f_neutral.png; sourceTree = "<group>"; };
		22908D43209CF85C007CDA7F /* e4_police.png */ = {isa = PBXFileReference; lastKnownFileType = image.png; path = e4_police.png; sourceTree = "<group>"; };
		22908D44209CF85C007CDA7F /* b9_bored.png */ = {isa = PBXFileReference; lastKnownFileType = image.png; path = b9_bored.png; sourceTree = "<group>"; };
		22908D45209CF85C007CDA7F /* e5_astronaut.png */ = {isa = PBXFileReference; lastKnownFileType = image.png; path = e5_astronaut.png; sourceTree = "<group>"; };
		22908D46209CF85C007CDA7F /* d1_basketball.png */ = {isa = PBXFileReference; lastKnownFileType = image.png; path = d1_basketball.png; sourceTree = "<group>"; };
		22908D47209CF85C007CDA7F /* f_happy2.png */ = {isa = PBXFileReference; lastKnownFileType = image.png; path = f_happy2.png; sourceTree = "<group>"; };
		22908D48209CF85C007CDA7F /* c13_frog.png */ = {isa = PBXFileReference; lastKnownFileType = image.png; path = c13_frog.png; sourceTree = "<group>"; };
		22908D49209CF85C007CDA7F /* d12_weights.png */ = {isa = PBXFileReference; lastKnownFileType = image.png; path = d12_weights.png; sourceTree = "<group>"; };
		22908D4A209CF85C007CDA7F /* f_disgust4.png */ = {isa = PBXFileReference; lastKnownFileType = image.png; path = f_disgust4.png; sourceTree = "<group>"; };
		22908D4B209CF85C007CDA7F /* c14_bee.png */ = {isa = PBXFileReference; lastKnownFileType = image.png; path = c14_bee.png; sourceTree = "<group>"; };
		22908D4C209CF85C007CDA7F /* f_sad.png */ = {isa = PBXFileReference; lastKnownFileType = image.png; path = f_sad.png; sourceTree = "<group>"; };
		22908D4D209CF85C007CDA7F /* f_happy3.png */ = {isa = PBXFileReference; lastKnownFileType = image.png; path = f_happy3.png; sourceTree = "<group>"; };
		22908D4E209CF85C007CDA7F /* e7_teacher.png */ = {isa = PBXFileReference; lastKnownFileType = image.png; path = e7_teacher.png; sourceTree = "<group>"; };
		22908D4F209CF85C007CDA7F /* d14_ping.png */ = {isa = PBXFileReference; lastKnownFileType = image.png; path = d14_ping.png; sourceTree = "<group>"; };
		22908D50209CF85C007CDA7F /* d13_volleyball.png */ = {isa = PBXFileReference; lastKnownFileType = image.png; path = d13_volleyball.png; sourceTree = "<group>"; };
		22908D51209CF85C007CDA7F /* a10_sleepy.png */ = {isa = PBXFileReference; lastKnownFileType = image.png; path = a10_sleepy.png; sourceTree = "<group>"; };
		22908D52209CF85C007CDA7F /* a12_sad.png */ = {isa = PBXFileReference; lastKnownFileType = image.png; path = a12_sad.png; sourceTree = "<group>"; };
		22908D53209CF85C007CDA7F /* a1_smile.png */ = {isa = PBXFileReference; lastKnownFileType = image.png; path = a1_smile.png; sourceTree = "<group>"; };
		22908D54209CF85C007CDA7F /* c7_cow.png */ = {isa = PBXFileReference; lastKnownFileType = image.png; path = c7_cow.png; sourceTree = "<group>"; };
		22908D55209CF85C007CDA7F /* a5_love.png */ = {isa = PBXFileReference; lastKnownFileType = image.png; path = a5_love.png; sourceTree = "<group>"; };
		22908D56209CF85C007CDA7F /* a6_angry.png */ = {isa = PBXFileReference; lastKnownFileType = image.png; path = a6_angry.png; sourceTree = "<group>"; };
		22908D57209CF85C007CDA7F /* a13_confused.png */ = {isa = PBXFileReference; lastKnownFileType = image.png; path = a13_confused.png; sourceTree = "<group>"; };
		22908D58209CF85C007CDA7F /* b3_angry.png */ = {isa = PBXFileReference; lastKnownFileType = image.png; path = b3_angry.png; sourceTree = "<group>"; };
		22908D59209CF85C007CDA7F /* c9_sheep.png */ = {isa = PBXFileReference; lastKnownFileType = image.png; path = c9_sheep.png; sourceTree = "<group>"; };
		22908D5A209CF85C007CDA7F /* b1_happy.png */ = {isa = PBXFileReference; lastKnownFileType = image.png; path = b1_happy.png; sourceTree = "<group>"; };
		22908D5B209CF85C007CDA7F /* e12_musician.png */ = {isa = PBXFileReference; lastKnownFileType = image.png; path = e12_musician.png; sourceTree = "<group>"; };
		22908D5C209CF85C007CDA7F /* a2_grin.png */ = {isa = PBXFileReference; lastKnownFileType = image.png; path = a2_grin.png; sourceTree = "<group>"; };
		22908D5D209CF85C007CDA7F /* c12_elephant.png */ = {isa = PBXFileReference; lastKnownFileType = image.png; path = c12_elephant.png; sourceTree = "<group>"; };
		22908D5E209CF85C007CDA7F /* f_angry.png */ = {isa = PBXFileReference; lastKnownFileType = image.png; path = f_angry.png; sourceTree = "<group>"; };
		22908D5F209CF85C007CDA7F /* f_surprised3.png */ = {isa = PBXFileReference; lastKnownFileType = image.png; path = f_surprised3.png; sourceTree = "<group>"; };
		22908D60209CF85C007CDA7F /* f_surprised2.png */ = {isa = PBXFileReference; lastKnownFileType = image.png; path = f_surprised2.png; sourceTree = "<group>"; };
		22908D61209CF85C007CDA7F /* d5_hockey.png */ = {isa = PBXFileReference; lastKnownFileType = image.png; path = d5_hockey.png; sourceTree = "<group>"; };
		22908D62209CF85C007CDA7F /* c3_horse.png */ = {isa = PBXFileReference; lastKnownFileType = image.png; path = c3_horse.png; sourceTree = "<group>"; };
		22908D63209CF85C007CDA7F /* f_scared2.png */ = {isa = PBXFileReference; lastKnownFileType = image.png; path = f_scared2.png; sourceTree = "<group>"; };
		22908D64209CF85C007CDA7F /* a3_hug.png */ = {isa = PBXFileReference; lastKnownFileType = image.png; path = a3_hug.png; sourceTree = "<group>"; };
		22908D65209CF85C007CDA7F /* c2_duck.png */ = {isa = PBXFileReference; lastKnownFileType = image.png; path = c2_duck.png; sourceTree = "<group>"; };
		22908D66209CF85C007CDA7F /* c10_pig.png */ = {isa = PBXFileReference; lastKnownFileType = image.png; path = c10_pig.png; sourceTree = "<group>"; };
		22908D67209CF85C007CDA7F /* b4_sad.png */ = {isa = PBXFileReference; lastKnownFileType = image.png; path = b4_sad.png; sourceTree = "<group>"; };
		22908D68209CF85C007CDA7F /* e2_firefighter.png */ = {isa = PBXFileReference; lastKnownFileType = image.png; path = e2_firefighter.png; sourceTree = "<group>"; };
		22908DBF209D1F5B007CDA7F /* vc_select_deck.swift */ = {isa = PBXFileReference; lastKnownFileType = sourcecode.swift; path = vc_select_deck.swift; sourceTree = "<group>"; };
		22908DC2209D2216007CDA7F /* SelectDeckCellCollectionViewCell.swift */ = {isa = PBXFileReference; lastKnownFileType = sourcecode.swift; path = SelectDeckCellCollectionViewCell.swift; sourceTree = "<group>"; };
		22908DC420A0C875007CDA7F /* story_survey.storyboard */ = {isa = PBXFileReference; lastKnownFileType = file.storyboard; path = story_survey.storyboard; sourceTree = "<group>"; };
		22908DC620A0D703007CDA7F /* vc_create_account.swift */ = {isa = PBXFileReference; lastKnownFileType = sourcecode.swift; path = vc_create_account.swift; sourceTree = "<group>"; };
		22908DC820A0D8B5007CDA7F /* vc_consent_1.swift */ = {isa = PBXFileReference; lastKnownFileType = sourcecode.swift; path = vc_consent_1.swift; sourceTree = "<group>"; };
		22908DCA20A0D8C2007CDA7F /* vc_consent_2.swift */ = {isa = PBXFileReference; lastKnownFileType = sourcecode.swift; path = vc_consent_2.swift; sourceTree = "<group>"; };
		22908DCC20A0D8D1007CDA7F /* vc_consent_3.swift */ = {isa = PBXFileReference; lastKnownFileType = sourcecode.swift; path = vc_consent_3.swift; sourceTree = "<group>"; };
		22B810B220A23BA50052CCB9 /* vc_survey1.swift */ = {isa = PBXFileReference; lastKnownFileType = sourcecode.swift; path = vc_survey1.swift; sourceTree = "<group>"; };
		22B810B420A381C10052CCB9 /* vc_survey2.swift */ = {isa = PBXFileReference; lastKnownFileType = sourcecode.swift; path = vc_survey2.swift; sourceTree = "<group>"; };
		22B810B620A39AA80052CCB9 /* vc_survey3.swift */ = {isa = PBXFileReference; lastKnownFileType = sourcecode.swift; path = vc_survey3.swift; sourceTree = "<group>"; };
		22B810B820A39AB30052CCB9 /* vc_survey4.swift */ = {isa = PBXFileReference; lastKnownFileType = sourcecode.swift; path = vc_survey4.swift; sourceTree = "<group>"; };
		22B810BA20A39AD10052CCB9 /* vc_survey5.swift */ = {isa = PBXFileReference; lastKnownFileType = sourcecode.swift; path = vc_survey5.swift; sourceTree = "<group>"; };
		22B810BC20A39B140052CCB9 /* vc_survey6.swift */ = {isa = PBXFileReference; lastKnownFileType = sourcecode.swift; path = vc_survey6.swift; sourceTree = "<group>"; };
		22B810BE20A4B4E20052CCB9 /* AddPlayer.png */ = {isa = PBXFileReference; lastKnownFileType = image.png; path = AddPlayer.png; sourceTree = "<group>"; };
		22B810C020A4BF270052CCB9 /* ImageClock.png */ = {isa = PBXFileReference; lastKnownFileType = image.png; path = ImageClock.png; sourceTree = "<group>"; };
		22FE7DC020913C4300883AE9 /* vc_countdown.swift */ = {isa = PBXFileReference; lastKnownFileType = sourcecode.swift; path = vc_countdown.swift; sourceTree = "<group>"; };
		26FF3EE95720A99AE021AF88 /* Pods-iOS.debug.xcconfig */ = {isa = PBXFileReference; includeInIndex = 1; lastKnownFileType = text.xcconfig; name = "Pods-iOS.debug.xcconfig"; path = "Pods/Target Support Files/Pods-iOS/Pods-iOS.debug.xcconfig"; sourceTree = "<group>"; };
		7E209C5EFA10721AF8752391 /* Pods-iOS.release.xcconfig */ = {isa = PBXFileReference; includeInIndex = 1; lastKnownFileType = text.xcconfig; name = "Pods-iOS.release.xcconfig"; path = "Pods/Target Support Files/Pods-iOS/Pods-iOS.release.xcconfig"; sourceTree = "<group>"; };
		9F22C9EA96EC1CB311D235B1 /* Pods_iOS.framework */ = {isa = PBXFileReference; explicitFileType = wrapper.framework; includeInIndex = 0; path = Pods_iOS.framework; sourceTree = BUILT_PRODUCTS_DIR; };
/* End PBXFileReference section */

/* Begin PBXFrameworksBuildPhase section */
		22207F142057553100D447F2 /* Frameworks */ = {
			isa = PBXFrameworksBuildPhase;
			buildActionMask = 2147483647;
			files = (
				7D41C41477A8F109ECE0673F /* Pods_iOS.framework in Frameworks */,
			);
			runOnlyForDeploymentPostprocessing = 0;
		};
/* End PBXFrameworksBuildPhase section */

/* Begin PBXGroup section */
		17AE67887384C899188AB879 /* Pods */ = {
			isa = PBXGroup;
			children = (
				26FF3EE95720A99AE021AF88 /* Pods-iOS.debug.xcconfig */,
				7E209C5EFA10721AF8752391 /* Pods-iOS.release.xcconfig */,
			);
			name = Pods;
			sourceTree = "<group>";
		};
		22207F0E2057553100D447F2 = {
			isa = PBXGroup;
			children = (
				22207F192057553100D447F2 /* iOS */,
				22207F182057553100D447F2 /* Products */,
				E20DB9670AD944F96952EA44 /* Frameworks */,
				17AE67887384C899188AB879 /* Pods */,
			);
			sourceTree = "<group>";
		};
		22207F182057553100D447F2 /* Products */ = {
			isa = PBXGroup;
			children = (
				22207F172057553100D447F2 /* iOS.app */,
			);
			name = Products;
			sourceTree = "<group>";
		};
		22207F192057553100D447F2 /* iOS */ = {
			isa = PBXGroup;
			children = (
				22908DC1209D21EC007CDA7F /* UIElements */,
				22908D10209CF818007CDA7F /* Images */,
				2265BB39208FB8110096CCAE /* View Controllers */,
				2265BB38208FB7F30096CCAE /* Storyboards */,
				228C1E4E2059BB9000DD9F63 /* Logic */,
				22207F1A2057553100D447F2 /* AppDelegate.swift */,
				22207F212057553100D447F2 /* Assets.xcassets */,
				22207F262057553200D447F2 /* Info.plist */,
			);
			path = iOS;
			sourceTree = "<group>";
		};
		2265BB38208FB7F30096CCAE /* Storyboards */ = {
			isa = PBXGroup;
			children = (
				22207F1E2057553100D447F2 /* story_main.storyboard */,
				2265BB3A208FD1D20096CCAE /* story_pageview.storyboard */,
				22908DC420A0C875007CDA7F /* story_survey.storyboard */,
			);
			path = Storyboards;
			sourceTree = "<group>";
		};
		2265BB39208FB8110096CCAE /* View Controllers */ = {
			isa = PBXGroup;
			children = (
				22908DBF209D1F5B007CDA7F /* vc_select_deck.swift */,
				22207F1C2057553100D447F2 /* vc_launchscreen.swift */,
				22FE7DC020913C4300883AE9 /* vc_countdown.swift */,
				22908D0B2097EF11007CDA7F /* vc_login.swift */,
				22908DC620A0D703007CDA7F /* vc_create_account.swift */,
				22908DC820A0D8B5007CDA7F /* vc_consent_1.swift */,
				22908DCA20A0D8C2007CDA7F /* vc_consent_2.swift */,
				22908DCC20A0D8D1007CDA7F /* vc_consent_3.swift */,
				22B810B220A23BA50052CCB9 /* vc_survey1.swift */,
				22B810B420A381C10052CCB9 /* vc_survey2.swift */,
				22B810B620A39AA80052CCB9 /* vc_survey3.swift */,
				22B810B820A39AB30052CCB9 /* vc_survey4.swift */,
				22B810BA20A39AD10052CCB9 /* vc_survey5.swift */,
				22B810BC20A39B140052CCB9 /* vc_survey6.swift */,
				224CF92220A61C410070F7A7 /* vc_wifi_warn.swift */,
				2229565B20AA185D00182CE9 /* vc_select_player.swift */,
			);
			path = "View Controllers";
			sourceTree = "<group>";
		};
		228C1E4E2059BB9000DD9F63 /* Logic */ = {
			isa = PBXGroup;
			children = (
				228C1E4F205AE46500DD9F63 /* StateUserInfo.swift */,
				2229565720AA0C7800182CE9 /* DBManager.swift */,
				2229565D20AA260800182CE9 /* DDBTableRow.swift */,
			);
			path = Logic;
			sourceTree = "<group>";
		};
		22908D10209CF818007CDA7F /* Images */ = {
			isa = PBXGroup;
			children = (
				22908D15209CF85C007CDA7F /* GameImages */,
				22908D11209CF85A007CDA7F /* Logos */,
			);
			path = Images;
			sourceTree = "<group>";
		};
		22908D11209CF85A007CDA7F /* Logos */ = {
			isa = PBXGroup;
			children = (
				22B810BE20A4B4E20052CCB9 /* AddPlayer.png */,
				22B810C020A4BF270052CCB9 /* ImageClock.png */,
				22908D12209CF85A007CDA7F /* LogoSecondary.png */,
				22908D13209CF85A007CDA7F /* LogoInstructions.png */,
				22908D14209CF85A007CDA7F /* LogoTitle.png */,
			);
			path = Logos;
			sourceTree = "<group>";
		};
		22908D15209CF85C007CDA7F /* GameImages */ = {
			isa = PBXGroup;
			children = (
				22908D16209CF85C007CDA7F /* d3_baseball.png */,
				22908D17209CF85C007CDA7F /* f_angry2.png */,
				22908D18209CF85C007CDA7F /* d4_football.png */,
				22908D19209CF85C007CDA7F /* f_surprised.png */,
				22908D1A209CF85C007CDA7F /* b6_tired.png */,
				22908D1B209CF85C007CDA7F /* f_angry3.png */,
				22908D1C209CF85C007CDA7F /* f_neutral2.png */,
				22908D1D209CF85C007CDA7F /* e1_scientist.png */,
				22908D1E209CF85C007CDA7F /* d11_running.png */,
				22908D1F209CF85C007CDA7F /* f_disgust.png */,
				22908D20209CF85C007CDA7F /* b8_sad.png */,
				22908D21209CF85C007CDA7F /* d6_wrestling.png */,
				22908D22209CF85C007CDA7F /* f_sad2.png */,
				22908D23209CF85C007CDA7F /* c15_monkey.png */,
				22908D24209CF85C007CDA7F /* c4_pig.png */,
				22908D25209CF85C007CDA7F /* e9_dentist.png */,
				22908D26209CF85C007CDA7F /* c1_dog.png */,
				22908D27209CF85C007CDA7F /* e10_pilot.png */,
				22908D28209CF85C007CDA7F /* c6_cat.png */,
				22908D29209CF85C007CDA7F /* a13_worried.png */,
				22908D2A209CF85C007CDA7F /* d10_skateboard.png */,
				22908D2B209CF85C007CDA7F /* e6_chef.png */,
				22908D2C209CF85C007CDA7F /* d7_tennis.png */,
				22908D2D209CF85C007CDA7F /* e3_doctor.png */,
				22908D2E209CF85C007CDA7F /* b5_scared.png */,
				22908D2F209CF85C007CDA7F /* a11_annoyed.png */,
				22908D30209CF85C007CDA7F /* c5_goat.png */,
				22908D31209CF85C007CDA7F /* d2_soccer.png */,
				22908D32209CF85C007CDA7F /* a4_think.png */,
				22908D33209CF85C007CDA7F /* f_scared.png */,
				22908D34209CF85C007CDA7F /* b2_upset.png */,
				22908D35209CF85C007CDA7F /* d15_archer.png */,
				22908D36209CF85C007CDA7F /* b7_surprised.png */,
				22908D37209CF85C007CDA7F /* a7_sick.png */,
				22908D38209CF85C007CDA7F /* e8_artist.png */,
				22908D39209CF85C007CDA7F /* a8_surprise.png */,
				22908D3A209CF85C007CDA7F /* f_disgust3.png */,
				22908D3B209CF85C007CDA7F /* c11_lion.png */,
				22908D3C209CF85C007CDA7F /* c8_chicken.png */,
				22908D3D209CF85C007CDA7F /* d9_skiing.png */,
				22908D3E209CF85C007CDA7F /* e11_actor.png */,
				22908D3F209CF85C007CDA7F /* d8_biking.png */,
				22908D40209CF85C007CDA7F /* f_disgust2.png */,
				22908D41209CF85C007CDA7F /* a9_cry.png */,
				22908D42209CF85C007CDA7F /* f_neutral.png */,
				22908D43209CF85C007CDA7F /* e4_police.png */,
				22908D44209CF85C007CDA7F /* b9_bored.png */,
				22908D45209CF85C007CDA7F /* e5_astronaut.png */,
				22908D46209CF85C007CDA7F /* d1_basketball.png */,
				22908D47209CF85C007CDA7F /* f_happy2.png */,
				22908D48209CF85C007CDA7F /* c13_frog.png */,
				22908D49209CF85C007CDA7F /* d12_weights.png */,
				22908D4A209CF85C007CDA7F /* f_disgust4.png */,
				22908D4B209CF85C007CDA7F /* c14_bee.png */,
				22908D4C209CF85C007CDA7F /* f_sad.png */,
				22908D4D209CF85C007CDA7F /* f_happy3.png */,
				22908D4E209CF85C007CDA7F /* e7_teacher.png */,
				22908D4F209CF85C007CDA7F /* d14_ping.png */,
				22908D50209CF85C007CDA7F /* d13_volleyball.png */,
				22908D51209CF85C007CDA7F /* a10_sleepy.png */,
				22908D52209CF85C007CDA7F /* a12_sad.png */,
				22908D53209CF85C007CDA7F /* a1_smile.png */,
				22908D54209CF85C007CDA7F /* c7_cow.png */,
				22908D55209CF85C007CDA7F /* a5_love.png */,
				22908D56209CF85C007CDA7F /* a6_angry.png */,
				22908D57209CF85C007CDA7F /* a13_confused.png */,
				22908D58209CF85C007CDA7F /* b3_angry.png */,
				22908D59209CF85C007CDA7F /* c9_sheep.png */,
				22908D5A209CF85C007CDA7F /* b1_happy.png */,
				22908D5B209CF85C007CDA7F /* e12_musician.png */,
				22908D5C209CF85C007CDA7F /* a2_grin.png */,
				22908D5D209CF85C007CDA7F /* c12_elephant.png */,
				22908D5E209CF85C007CDA7F /* f_angry.png */,
				22908D5F209CF85C007CDA7F /* f_surprised3.png */,
				22908D60209CF85C007CDA7F /* f_surprised2.png */,
				22908D61209CF85C007CDA7F /* d5_hockey.png */,
				22908D62209CF85C007CDA7F /* c3_horse.png */,
				22908D63209CF85C007CDA7F /* f_scared2.png */,
				22908D64209CF85C007CDA7F /* a3_hug.png */,
				22908D65209CF85C007CDA7F /* c2_duck.png */,
				22908D66209CF85C007CDA7F /* c10_pig.png */,
				22908D67209CF85C007CDA7F /* b4_sad.png */,
				22908D68209CF85C007CDA7F /* e2_firefighter.png */,
			);
			path = GameImages;
			sourceTree = "<group>";
		};
		22908DC1209D21EC007CDA7F /* UIElements */ = {
			isa = PBXGroup;
			children = (
				22908DC2209D2216007CDA7F /* SelectDeckCellCollectionViewCell.swift */,
			);
			path = UIElements;
			sourceTree = "<group>";
		};
		E20DB9670AD944F96952EA44 /* Frameworks */ = {
			isa = PBXGroup;
			children = (
				9F22C9EA96EC1CB311D235B1 /* Pods_iOS.framework */,
			);
			name = Frameworks;
			sourceTree = "<group>";
		};
/* End PBXGroup section */

/* Begin PBXNativeTarget section */
		22207F162057553100D447F2 /* iOS */ = {
			isa = PBXNativeTarget;
			buildConfigurationList = 22207F292057553200D447F2 /* Build configuration list for PBXNativeTarget "iOS" */;
			buildPhases = (
				AC3D6D93E70403677F8DEB9F /* [CP] Check Pods Manifest.lock */,
				22207F132057553100D447F2 /* Sources */,
				22207F142057553100D447F2 /* Frameworks */,
				22207F152057553100D447F2 /* Resources */,
				E176F55F5B25090F7B9DCB82 /* [CP] Embed Pods Frameworks */,
			);
			buildRules = (
			);
			dependencies = (
			);
			name = iOS;
			productName = iOS;
			productReference = 22207F172057553100D447F2 /* iOS.app */;
			productType = "com.apple.product-type.application";
		};
/* End PBXNativeTarget section */

/* Begin PBXProject section */
		22207F0F2057553100D447F2 /* Project object */ = {
			isa = PBXProject;
			attributes = {
				LastSwiftUpdateCheck = 0920;
				LastUpgradeCheck = 0920;
				ORGANIZATIONNAME = "Haik Kalantarian";
				TargetAttributes = {
					22207F162057553100D447F2 = {
						CreatedOnToolsVersion = 9.2;
						ProvisioningStyle = Automatic;
					};
				};
			};
			buildConfigurationList = 22207F122057553100D447F2 /* Build configuration list for PBXProject "iOS" */;
			compatibilityVersion = "Xcode 8.0";
			developmentRegion = en;
			hasScannedForEncodings = 0;
			knownRegions = (
				en,
				Base,
			);
			mainGroup = 22207F0E2057553100D447F2;
			productRefGroup = 22207F182057553100D447F2 /* Products */;
			projectDirPath = "";
			projectRoot = "";
			targets = (
				22207F162057553100D447F2 /* iOS */,
			);
		};
/* End PBXProject section */

/* Begin PBXResourcesBuildPhase section */
		22207F152057553100D447F2 /* Resources */ = {
			isa = PBXResourcesBuildPhase;
			buildActionMask = 2147483647;
			files = (
				22908DBB209CF85C007CDA7F /* c2_duck.png in Resources */,
				22908D78209CF85C007CDA7F /* f_sad2.png in Resources */,
				22908D7A209CF85C007CDA7F /* c4_pig.png in Resources */,
				22908DA6209CF85C007CDA7F /* d13_volleyball.png in Resources */,
				22908D7B209CF85C007CDA7F /* e9_dentist.png in Resources */,
				22908D6E209CF85C007CDA7F /* d4_football.png in Resources */,
				22908D98209CF85C007CDA7F /* f_neutral.png in Resources */,
				22908D90209CF85C007CDA7F /* f_disgust3.png in Resources */,
				22207F222057553100D447F2 /* Assets.xcassets in Resources */,
				2265BB3B208FD1D20096CCAE /* story_pageview.storyboard in Resources */,
				22908DA0209CF85C007CDA7F /* f_disgust4.png in Resources */,
				22908DAF209CF85C007CDA7F /* c9_sheep.png in Resources */,
				22908DAB209CF85C007CDA7F /* a5_love.png in Resources */,
				22908DA1209CF85C007CDA7F /* c14_bee.png in Resources */,
				22908D7F209CF85C007CDA7F /* a13_worried.png in Resources */,
				22908D96209CF85C007CDA7F /* f_disgust2.png in Resources */,
				22908D84209CF85C007CDA7F /* b5_scared.png in Resources */,
				22908D9F209CF85C007CDA7F /* d12_weights.png in Resources */,
				22908D77209CF85C007CDA7F /* d6_wrestling.png in Resources */,
				22908D9C209CF85C007CDA7F /* d1_basketball.png in Resources */,
				22908D93209CF85C007CDA7F /* d9_skiing.png in Resources */,
				22908D89209CF85C007CDA7F /* f_scared.png in Resources */,
				22908DA9209CF85C007CDA7F /* a1_smile.png in Resources */,
				22908DAD209CF85C007CDA7F /* a13_confused.png in Resources */,
				22908D8E209CF85C007CDA7F /* e8_artist.png in Resources */,
				22908D81209CF85C007CDA7F /* e6_chef.png in Resources */,
				22908D94209CF85C007CDA7F /* e11_actor.png in Resources */,
				22908D8B209CF85C007CDA7F /* d15_archer.png in Resources */,
				22908D9A209CF85C007CDA7F /* b9_bored.png in Resources */,
				22908DA4209CF85C007CDA7F /* e7_teacher.png in Resources */,
				22908D80209CF85C007CDA7F /* d10_skateboard.png in Resources */,
				22908D86209CF85C007CDA7F /* c5_goat.png in Resources */,
				22908D9E209CF85C007CDA7F /* c13_frog.png in Resources */,
				22908D88209CF85C007CDA7F /* a4_think.png in Resources */,
				22207F202057553100D447F2 /* story_main.storyboard in Resources */,
				22908D83209CF85C007CDA7F /* e3_doctor.png in Resources */,
				22908D69209CF85C007CDA7F /* LogoSecondary.png in Resources */,
				22908D7C209CF85C007CDA7F /* c1_dog.png in Resources */,
				22908D8F209CF85C007CDA7F /* a8_surprise.png in Resources */,
				22908D7E209CF85C007CDA7F /* c6_cat.png in Resources */,
				22908D6F209CF85C007CDA7F /* f_surprised.png in Resources */,
				22908DB7209CF85C007CDA7F /* d5_hockey.png in Resources */,
				22908DB5209CF85C007CDA7F /* f_surprised3.png in Resources */,
				22908D8D209CF85C007CDA7F /* a7_sick.png in Resources */,
				22908D99209CF85C007CDA7F /* e4_police.png in Resources */,
				22908DA3209CF85C007CDA7F /* f_happy3.png in Resources */,
				22908D8A209CF85C007CDA7F /* b2_upset.png in Resources */,
				22908DB1209CF85C007CDA7F /* e12_musician.png in Resources */,
				22908DA8209CF85C007CDA7F /* a12_sad.png in Resources */,
				22908DC520A0C875007CDA7F /* story_survey.storyboard in Resources */,
				22908DBE209CF85C007CDA7F /* e2_firefighter.png in Resources */,
				22908D9D209CF85C007CDA7F /* f_happy2.png in Resources */,
				22908DA5209CF85C007CDA7F /* d14_ping.png in Resources */,
				22908D85209CF85C007CDA7F /* a11_annoyed.png in Resources */,
				22908D72209CF85C007CDA7F /* f_neutral2.png in Resources */,
				22908D75209CF85C007CDA7F /* f_disgust.png in Resources */,
				22908D97209CF85C007CDA7F /* a9_cry.png in Resources */,
				22B810BF20A4B4E20052CCB9 /* AddPlayer.png in Resources */,
				22908D74209CF85C007CDA7F /* d11_running.png in Resources */,
				22908D76209CF85C007CDA7F /* b8_sad.png in Resources */,
				22908D8C209CF85C007CDA7F /* b7_surprised.png in Resources */,
				22908D6A209CF85C007CDA7F /* LogoInstructions.png in Resources */,
				22908DB9209CF85C007CDA7F /* f_scared2.png in Resources */,
				22908D82209CF85C007CDA7F /* d7_tennis.png in Resources */,
				22908D95209CF85C007CDA7F /* d8_biking.png in Resources */,
				22908DB3209CF85C007CDA7F /* c12_elephant.png in Resources */,
				22908D79209CF85C007CDA7F /* c15_monkey.png in Resources */,
				22908DBC209CF85C007CDA7F /* c10_pig.png in Resources */,
				22908DB0209CF85C007CDA7F /* b1_happy.png in Resources */,
				22908DA7209CF85C007CDA7F /* a10_sleepy.png in Resources */,
				22908D6C209CF85C007CDA7F /* d3_baseball.png in Resources */,
				22908D7D209CF85C007CDA7F /* e10_pilot.png in Resources */,
				22908DB2209CF85C007CDA7F /* a2_grin.png in Resources */,
				22908D91209CF85C007CDA7F /* c11_lion.png in Resources */,
				22908DB8209CF85C007CDA7F /* c3_horse.png in Resources */,
				22908D6B209CF85C007CDA7F /* LogoTitle.png in Resources */,
				22908DB4209CF85C007CDA7F /* f_angry.png in Resources */,
				22908DAC209CF85C007CDA7F /* a6_angry.png in Resources */,
				22908DB6209CF85C007CDA7F /* f_surprised2.png in Resources */,
				22908DBD209CF85C007CDA7F /* b4_sad.png in Resources */,
				22B810C120A4BF270052CCB9 /* ImageClock.png in Resources */,
				22908D87209CF85C007CDA7F /* d2_soccer.png in Resources */,
				22908D71209CF85C007CDA7F /* f_angry3.png in Resources */,
				22908D92209CF85C007CDA7F /* c8_chicken.png in Resources */,
				22908D73209CF85C007CDA7F /* e1_scientist.png in Resources */,
				22908D70209CF85C007CDA7F /* b6_tired.png in Resources */,
				22908D9B209CF85C007CDA7F /* e5_astronaut.png in Resources */,
				22908DAA209CF85C007CDA7F /* c7_cow.png in Resources */,
				22908DBA209CF85C007CDA7F /* a3_hug.png in Resources */,
				22908D6D209CF85C007CDA7F /* f_angry2.png in Resources */,
				22908DAE209CF85C007CDA7F /* b3_angry.png in Resources */,
				22908DA2209CF85C007CDA7F /* f_sad.png in Resources */,
			);
			runOnlyForDeploymentPostprocessing = 0;
		};
/* End PBXResourcesBuildPhase section */

/* Begin PBXShellScriptBuildPhase section */
		AC3D6D93E70403677F8DEB9F /* [CP] Check Pods Manifest.lock */ = {
			isa = PBXShellScriptBuildPhase;
			buildActionMask = 2147483647;
			files = (
			);
			inputPaths = (
				"${PODS_PODFILE_DIR_PATH}/Podfile.lock",
				"${PODS_ROOT}/Manifest.lock",
			);
			name = "[CP] Check Pods Manifest.lock";
			outputPaths = (
				"$(DERIVED_FILE_DIR)/Pods-iOS-checkManifestLockResult.txt",
			);
			runOnlyForDeploymentPostprocessing = 0;
			shellPath = /bin/sh;
			shellScript = "diff \"${PODS_PODFILE_DIR_PATH}/Podfile.lock\" \"${PODS_ROOT}/Manifest.lock\" > /dev/null\nif [ $? != 0 ] ; then\n    # print error to STDERR\n    echo \"error: The sandbox is not in sync with the Podfile.lock. Run 'pod install' or update your CocoaPods installation.\" >&2\n    exit 1\nfi\n# This output is used by Xcode 'outputs' to avoid re-running this script phase.\necho \"SUCCESS\" > \"${SCRIPT_OUTPUT_FILE_0}\"\n";
			showEnvVarsInLog = 0;
		};
		E176F55F5B25090F7B9DCB82 /* [CP] Embed Pods Frameworks */ = {
			isa = PBXShellScriptBuildPhase;
			buildActionMask = 2147483647;
			files = (
			);
			inputPaths = (
				"${SRCROOT}/Pods/Target Support Files/Pods-iOS/Pods-iOS-frameworks.sh",
				"${BUILT_PRODUCTS_DIR}/AWSAuthCore/AWSAuthCore.framework",
				"${BUILT_PRODUCTS_DIR}/AWSAuthUI/AWSAuthUI.framework",
				"${BUILT_PRODUCTS_DIR}/AWSCognito/AWSCognito.framework",
				"${BUILT_PRODUCTS_DIR}/AWSCognitoAuth/AWSCognitoAuth.framework",
				"${BUILT_PRODUCTS_DIR}/AWSCognitoIdentityProvider/AWSCognitoIdentityProvider.framework",
				"${BUILT_PRODUCTS_DIR}/AWSCognitoIdentityProviderASF/AWSCognitoIdentityProviderASF.framework",
				"${BUILT_PRODUCTS_DIR}/AWSCore/AWSCore.framework",
				"${BUILT_PRODUCTS_DIR}/AWSDynamoDB/AWSDynamoDB.framework",
				"${BUILT_PRODUCTS_DIR}/AWSMobileClient/AWSMobileClient.framework",
				"${BUILT_PRODUCTS_DIR}/AWSS3/AWSS3.framework",
				"${BUILT_PRODUCTS_DIR}/AWSUserPoolsSignIn/AWSUserPoolsSignIn.framework",
			);
			name = "[CP] Embed Pods Frameworks";
			outputPaths = (
				"${TARGET_BUILD_DIR}/${FRAMEWORKS_FOLDER_PATH}/AWSAuthCore.framework",
				"${TARGET_BUILD_DIR}/${FRAMEWORKS_FOLDER_PATH}/AWSAuthUI.framework",
				"${TARGET_BUILD_DIR}/${FRAMEWORKS_FOLDER_PATH}/AWSCognito.framework",
				"${TARGET_BUILD_DIR}/${FRAMEWORKS_FOLDER_PATH}/AWSCognitoAuth.framework",
				"${TARGET_BUILD_DIR}/${FRAMEWORKS_FOLDER_PATH}/AWSCognitoIdentityProvider.framework",
				"${TARGET_BUILD_DIR}/${FRAMEWORKS_FOLDER_PATH}/AWSCognitoIdentityProviderASF.framework",
				"${TARGET_BUILD_DIR}/${FRAMEWORKS_FOLDER_PATH}/AWSCore.framework",
				"${TARGET_BUILD_DIR}/${FRAMEWORKS_FOLDER_PATH}/AWSDynamoDB.framework",
				"${TARGET_BUILD_DIR}/${FRAMEWORKS_FOLDER_PATH}/AWSMobileClient.framework",
				"${TARGET_BUILD_DIR}/${FRAMEWORKS_FOLDER_PATH}/AWSS3.framework",
				"${TARGET_BUILD_DIR}/${FRAMEWORKS_FOLDER_PATH}/AWSUserPoolsSignIn.framework",
			);
			runOnlyForDeploymentPostprocessing = 0;
			shellPath = /bin/sh;
			shellScript = "\"${SRCROOT}/Pods/Target Support Files/Pods-iOS/Pods-iOS-frameworks.sh\"\n";
			showEnvVarsInLog = 0;
		};
/* End PBXShellScriptBuildPhase section */

/* Begin PBXSourcesBuildPhase section */
		22207F132057553100D447F2 /* Sources */ = {
			isa = PBXSourcesBuildPhase;
			buildActionMask = 2147483647;
			files = (
				22908DC3209D2216007CDA7F /* SelectDeckCellCollectionViewCell.swift in Sources */,
				22B810B520A381C10052CCB9 /* vc_survey2.swift in Sources */,
				22207F1D2057553100D447F2 /* vc_launchscreen.swift in Sources */,
				22908DCB20A0D8C2007CDA7F /* vc_consent_2.swift in Sources */,
				22908DCD20A0D8D1007CDA7F /* vc_consent_3.swift in Sources */,
				2229565C20AA185D00182CE9 /* vc_select_player.swift in Sources */,
				228C1E50205AE46500DD9F63 /* StateUserInfo.swift in Sources */,
				22B810BB20A39AD10052CCB9 /* vc_survey5.swift in Sources */,
				22908D0C2097EF11007CDA7F /* vc_login.swift in Sources */,
				2229565E20AA260800182CE9 /* DDBTableRow.swift in Sources */,
				22B810BD20A39B140052CCB9 /* vc_survey6.swift in Sources */,
				22908DC920A0D8B5007CDA7F /* vc_consent_1.swift in Sources */,
				22B810B720A39AA80052CCB9 /* vc_survey3.swift in Sources */,
				22FE7DC120913C4300883AE9 /* vc_countdown.swift in Sources */,
				22B810B920A39AB30052CCB9 /* vc_survey4.swift in Sources */,
				224CF92320A61C410070F7A7 /* vc_wifi_warn.swift in Sources */,
				22908DC720A0D703007CDA7F /* vc_create_account.swift in Sources */,
				22908DC0209D1F5B007CDA7F /* vc_select_deck.swift in Sources */,
				22B810B320A23BA50052CCB9 /* vc_survey1.swift in Sources */,
				2229565820AA0C7800182CE9 /* DBManager.swift in Sources */,
				22207F1B2057553100D447F2 /* AppDelegate.swift in Sources */,
			);
			runOnlyForDeploymentPostprocessing = 0;
		};
/* End PBXSourcesBuildPhase section */

/* Begin PBXVariantGroup section */
		22207F1E2057553100D447F2 /* story_main.storyboard */ = {
			isa = PBXVariantGroup;
			children = (
				22207F1F2057553100D447F2 /* Base */,
			);
			name = story_main.storyboard;
			sourceTree = "<group>";
		};
/* End PBXVariantGroup section */

/* Begin XCBuildConfiguration section */
		22207F272057553200D447F2 /* Debug */ = {
			isa = XCBuildConfiguration;
			buildSettings = {
				ALWAYS_SEARCH_USER_PATHS = NO;
				CLANG_ANALYZER_NONNULL = YES;
				CLANG_ANALYZER_NUMBER_OBJECT_CONVERSION = YES_AGGRESSIVE;
				CLANG_CXX_LANGUAGE_STANDARD = "gnu++14";
				CLANG_CXX_LIBRARY = "libc++";
				CLANG_ENABLE_MODULES = YES;
				CLANG_ENABLE_OBJC_ARC = YES;
				CLANG_WARN_BLOCK_CAPTURE_AUTORELEASING = YES;
				CLANG_WARN_BOOL_CONVERSION = YES;
				CLANG_WARN_COMMA = YES;
				CLANG_WARN_CONSTANT_CONVERSION = YES;
				CLANG_WARN_DIRECT_OBJC_ISA_USAGE = YES_ERROR;
				CLANG_WARN_DOCUMENTATION_COMMENTS = YES;
				CLANG_WARN_EMPTY_BODY = YES;
				CLANG_WARN_ENUM_CONVERSION = YES;
				CLANG_WARN_INFINITE_RECURSION = YES;
				CLANG_WARN_INT_CONVERSION = YES;
				CLANG_WARN_NON_LITERAL_NULL_CONVERSION = YES;
				CLANG_WARN_OBJC_LITERAL_CONVERSION = YES;
				CLANG_WARN_OBJC_ROOT_CLASS = YES_ERROR;
				CLANG_WARN_RANGE_LOOP_ANALYSIS = YES;
				CLANG_WARN_STRICT_PROTOTYPES = YES;
				CLANG_WARN_SUSPICIOUS_MOVE = YES;
				CLANG_WARN_UNGUARDED_AVAILABILITY = YES_AGGRESSIVE;
				CLANG_WARN_UNREACHABLE_CODE = YES;
				CLANG_WARN__DUPLICATE_METHOD_MATCH = YES;
				CODE_SIGN_IDENTITY = "iPhone Developer";
				COPY_PHASE_STRIP = NO;
				DEBUG_INFORMATION_FORMAT = dwarf;
				ENABLE_STRICT_OBJC_MSGSEND = YES;
				ENABLE_TESTABILITY = YES;
				GCC_C_LANGUAGE_STANDARD = gnu11;
				GCC_DYNAMIC_NO_PIC = NO;
				GCC_NO_COMMON_BLOCKS = YES;
				GCC_OPTIMIZATION_LEVEL = 0;
				GCC_PREPROCESSOR_DEFINITIONS = (
					"DEBUG=1",
					"$(inherited)",
				);
				GCC_WARN_64_TO_32_BIT_CONVERSION = YES;
				GCC_WARN_ABOUT_RETURN_TYPE = YES_ERROR;
				GCC_WARN_UNDECLARED_SELECTOR = YES;
				GCC_WARN_UNINITIALIZED_AUTOS = YES_AGGRESSIVE;
				GCC_WARN_UNUSED_FUNCTION = YES;
				GCC_WARN_UNUSED_VARIABLE = YES;
				IPHONEOS_DEPLOYMENT_TARGET = 11.2;
				MTL_ENABLE_DEBUG_INFO = YES;
				ONLY_ACTIVE_ARCH = NO;
				SDKROOT = iphoneos;
				SWIFT_ACTIVE_COMPILATION_CONDITIONS = DEBUG;
				SWIFT_OPTIMIZATION_LEVEL = "-Onone";
			};
			name = Debug;
		};
		22207F282057553200D447F2 /* Release */ = {
			isa = XCBuildConfiguration;
			buildSettings = {
				ALWAYS_SEARCH_USER_PATHS = NO;
				CLANG_ANALYZER_NONNULL = YES;
				CLANG_ANALYZER_NUMBER_OBJECT_CONVERSION = YES_AGGRESSIVE;
				CLANG_CXX_LANGUAGE_STANDARD = "gnu++14";
				CLANG_CXX_LIBRARY = "libc++";
				CLANG_ENABLE_MODULES = YES;
				CLANG_ENABLE_OBJC_ARC = YES;
				CLANG_WARN_BLOCK_CAPTURE_AUTORELEASING = YES;
				CLANG_WARN_BOOL_CONVERSION = YES;
				CLANG_WARN_COMMA = YES;
				CLANG_WARN_CONSTANT_CONVERSION = YES;
				CLANG_WARN_DIRECT_OBJC_ISA_USAGE = YES_ERROR;
				CLANG_WARN_DOCUMENTATION_COMMENTS = YES;
				CLANG_WARN_EMPTY_BODY = YES;
				CLANG_WARN_ENUM_CONVERSION = YES;
				CLANG_WARN_INFINITE_RECURSION = YES;
				CLANG_WARN_INT_CONVERSION = YES;
				CLANG_WARN_NON_LITERAL_NULL_CONVERSION = YES;
				CLANG_WARN_OBJC_LITERAL_CONVERSION = YES;
				CLANG_WARN_OBJC_ROOT_CLASS = YES_ERROR;
				CLANG_WARN_RANGE_LOOP_ANALYSIS = YES;
				CLANG_WARN_STRICT_PROTOTYPES = YES;
				CLANG_WARN_SUSPICIOUS_MOVE = YES;
				CLANG_WARN_UNGUARDED_AVAILABILITY = YES_AGGRESSIVE;
				CLANG_WARN_UNREACHABLE_CODE = YES;
				CLANG_WARN__DUPLICATE_METHOD_MATCH = YES;
				CODE_SIGN_IDENTITY = "iPhone Developer";
				COPY_PHASE_STRIP = NO;
				DEBUG_INFORMATION_FORMAT = "dwarf-with-dsym";
				ENABLE_NS_ASSERTIONS = NO;
				ENABLE_STRICT_OBJC_MSGSEND = YES;
				GCC_C_LANGUAGE_STANDARD = gnu11;
				GCC_NO_COMMON_BLOCKS = YES;
				GCC_WARN_64_TO_32_BIT_CONVERSION = YES;
				GCC_WARN_ABOUT_RETURN_TYPE = YES_ERROR;
				GCC_WARN_UNDECLARED_SELECTOR = YES;
				GCC_WARN_UNINITIALIZED_AUTOS = YES_AGGRESSIVE;
				GCC_WARN_UNUSED_FUNCTION = YES;
				GCC_WARN_UNUSED_VARIABLE = YES;
				IPHONEOS_DEPLOYMENT_TARGET = 11.2;
				MTL_ENABLE_DEBUG_INFO = NO;
				SDKROOT = iphoneos;
				SWIFT_OPTIMIZATION_LEVEL = "-Owholemodule";
				VALIDATE_PRODUCT = YES;
			};
			name = Release;
		};
		22207F2A2057553200D447F2 /* Debug */ = {
			isa = XCBuildConfiguration;
			baseConfigurationReference = 26FF3EE95720A99AE021AF88 /* Pods-iOS.debug.xcconfig */;
			buildSettings = {
				ASSETCATALOG_COMPILER_APPICON_NAME = AppIcon;
				CODE_SIGN_STYLE = Automatic;
				INFOPLIST_FILE = iOS/Info.plist;
				LD_RUNPATH_SEARCH_PATHS = "$(inherited) @executable_path/Frameworks";
				PRODUCT_BUNDLE_IDENTIFIER = GuessWhat.iOS;
				PRODUCT_NAME = "$(TARGET_NAME)";
				SDKROOT = iphoneos;
				SWIFT_VERSION = 4.0;
				TARGETED_DEVICE_FAMILY = "1,2";
			};
			name = Debug;
		};
		22207F2B2057553200D447F2 /* Release */ = {
			isa = XCBuildConfiguration;
			baseConfigurationReference = 7E209C5EFA10721AF8752391 /* Pods-iOS.release.xcconfig */;
			buildSettings = {
				ASSETCATALOG_COMPILER_APPICON_NAME = AppIcon;
				CODE_SIGN_STYLE = Automatic;
				INFOPLIST_FILE = iOS/Info.plist;
				LD_RUNPATH_SEARCH_PATHS = "$(inherited) @executable_path/Frameworks";
				PRODUCT_BUNDLE_IDENTIFIER = GuessWhat.iOS;
				PRODUCT_NAME = "$(TARGET_NAME)";
				SDKROOT = iphoneos;
				SWIFT_VERSION = 4.0;
				TARGETED_DEVICE_FAMILY = "1,2";
			};
			name = Release;
		};
/* End XCBuildConfiguration section */

/* Begin XCConfigurationList section */
		22207F122057553100D447F2 /* Build configuration list for PBXProject "iOS" */ = {
			isa = XCConfigurationList;
			buildConfigurations = (
				22207F272057553200D447F2 /* Debug */,
				22207F282057553200D447F2 /* Release */,
			);
			defaultConfigurationIsVisible = 0;
			defaultConfigurationName = Release;
		};
		22207F292057553200D447F2 /* Build configuration list for PBXNativeTarget "iOS" */ = {
			isa = XCConfigurationList;
			buildConfigurations = (
				22207F2A2057553200D447F2 /* Debug */,
				22207F2B2057553200D447F2 /* Release */,
			);
			defaultConfigurationIsVisible = 0;
			defaultConfigurationName = Release;
		};
/* End XCConfigurationList section */
	};
	rootObject = 22207F0F2057553100D447F2 /* Project object */;
}
